
Microsoft Visual Studio Solution File, Format Version 12.00
# Visual Studio Version 16
VisualStudioVersion = 16.0.28803.352
MinimumVisualStudioVersion = 10.0.40219.1
Project("{FAE04EC0-301F-11D3-BF4B-00C04F79EFBC}") = "WebApplication1", "WebApplication1\WebApplication1.csproj", "{6EAD7D6C-7639-4EF6-99E3-D2C8BC8CC160}"
EndProject
Global
	GlobalSection(SolutionConfigurationPlatforms) = preSolution
		Debug|Any CPU = Debug|Any CPU
		Release|Any CPU = Release|Any CPU
	EndGlobalSection
	GlobalSection(ProjectConfigurationPlatforms) = postSolution
		{6EAD7D6C-7639-4EF6-99E3-D2C8BC8CC160}.Debug|Any CPU.ActiveCfg = Debug|Any CPU
		{6EAD7D6C-7639-4EF6-99E3-D2C8BC8CC160}.Debug|Any CPU.Build.0 = Debug|Any CPU
		{6EAD7D6C-7639-4EF6-99E3-D2C8BC8CC160}.Release|Any CPU.ActiveCfg = Release|Any CPU
		{6EAD7D6C-7639-4EF6-99E3-D2C8BC8CC160}.Release|Any CPU.Build.0 = Release|Any CPU
	EndGlobalSection
	GlobalSection(SolutionProperties) = preSolution
		HideSolutionNode = FALSE
	EndGlobalSection
	GlobalSection(ExtensibilityGlobals) = postSolution
		SolutionGuid = {6A046B1E-25CD-408A-8EFA-43FDB731E91D}
	EndGlobalSection
EndGlobal
